
Microsoft Visual Studio Solution File, Format Version 12.00
# Visual Studio Version 17
VisualStudioVersion = 17.0.31903.59
MinimumVisualStudioVersion = 10.0.40219.1
Project("{FAE04EC0-301F-11D3-BF4B-00C04F79EFBC}") = "EFDBDoctorPatient", "EFDBDoctorPatient\EFDBDoctorPatient.csproj", "{DA788D8F-918F-4DEE-A27F-69047107520E}"
EndProject
Global
	GlobalSection(SolutionConfigurationPlatforms) = preSolution
		Debug|Any CPU = Debug|Any CPU
		Release|Any CPU = Release|Any CPU
	EndGlobalSection
	GlobalSection(ProjectConfigurationPlatforms) = postSolution
		{DA788D8F-918F-4DEE-A27F-69047107520E}.Debug|Any CPU.ActiveCfg = Debug|Any CPU
		{DA788D8F-918F-4DEE-A27F-69047107520E}.Debug|Any CPU.Build.0 = Debug|Any CPU
		{DA788D8F-918F-4DEE-A27F-69047107520E}.Release|Any CPU.ActiveCfg = Release|Any CPU
		{DA788D8F-918F-4DEE-A27F-69047107520E}.Release|Any CPU.Build.0 = Release|Any CPU
	EndGlobalSection
	GlobalSection(SolutionProperties) = preSolution
		HideSolutionNode = FALSE
	EndGlobalSection
	GlobalSection(ExtensibilityGlobals) = postSolution
		SolutionGuid = {0C623322-E384-467A-884A-533FC7DB1AC4}
	EndGlobalSection
EndGlobal
